
Microsoft Visual Studio Solution File, Format Version 12.00
# Visual Studio 15
VisualStudioVersion = 15.0.27703.2042
MinimumVisualStudioVersion = 10.0.40219.1
Project("{FAE04EC0-301F-11D3-BF4B-00C04F79EFBC}") = "WpfHW2", "WpfHW2\WpfHW2.csproj", "{D4FD3BD9-0C83-43A1-81FF-85F96380BF75}"
EndProject
Global
	GlobalSection(SolutionConfigurationPlatforms) = preSolution
		Debug|Any CPU = Debug|Any CPU
		Release|Any CPU = Release|Any CPU
	EndGlobalSection
	GlobalSection(ProjectConfigurationPlatforms) = postSolution
		{D4FD3BD9-0C83-43A1-81FF-85F96380BF75}.Debug|Any CPU.ActiveCfg = Debug|Any CPU
		{D4FD3BD9-0C83-43A1-81FF-85F96380BF75}.Debug|Any CPU.Build.0 = Debug|Any CPU
		{D4FD3BD9-0C83-43A1-81FF-85F96380BF75}.Release|Any CPU.ActiveCfg = Release|Any CPU
		{D4FD3BD9-0C83-43A1-81FF-85F96380BF75}.Release|Any CPU.Build.0 = Release|Any CPU
	EndGlobalSection
	GlobalSection(SolutionProperties) = preSolution
		HideSolutionNode = FALSE
	EndGlobalSection
	GlobalSection(ExtensibilityGlobals) = postSolution
		SolutionGuid = {AA9A0E37-E407-46A9-8512-10A67953A5DB}
	EndGlobalSection
EndGlobal
